
Microsoft Visual Studio Solution File, Format Version 12.00
# Visual Studio 15
VisualStudioVersion = 15.0.27703.2042
MinimumVisualStudioVersion = 10.0.40219.1
Project("{9A19103F-16F7-4668-BE54-9A1E7A4F7556}") = "WebApi", "WebApi\WebApi.csproj", "{E1514D26-C5EF-436E-B9F8-AD7682D736FC}"
EndProject
Project("{FAE04EC0-301F-11D3-BF4B-00C04F79EFBC}") = "WebApiRepository", "WebApiRepository\WebApiRepository.csproj", "{C744B80D-C990-4F07-A69B-B99D3ED8EA86}"
EndProject
Project("{FAE04EC0-301F-11D3-BF4B-00C04F79EFBC}") = "WebApiIService", "WebApiIService\WebApiIService.csproj", "{BB02C938-1675-4009-BB21-E1F6111E523C}"
EndProject
Project("{FAE04EC0-301F-11D3-BF4B-00C04F79EFBC}") = "WebApiService", "WebApiService\WebApiService.csproj", "{2DC1A1BE-A99E-4CEB-9BF9-3022DE51EFD1}"
EndProject
Global
	GlobalSection(SolutionConfigurationPlatforms) = preSolution
		Debug|Any CPU = Debug|Any CPU
		Release|Any CPU = Release|Any CPU
	EndGlobalSection
	GlobalSection(ProjectConfigurationPlatforms) = postSolution
		{E1514D26-C5EF-436E-B9F8-AD7682D736FC}.Debug|Any CPU.ActiveCfg = Debug|Any CPU
		{E1514D26-C5EF-436E-B9F8-AD7682D736FC}.Debug|Any CPU.Build.0 = Debug|Any CPU
		{E1514D26-C5EF-436E-B9F8-AD7682D736FC}.Release|Any CPU.ActiveCfg = Release|Any CPU
		{E1514D26-C5EF-436E-B9F8-AD7682D736FC}.Release|Any CPU.Build.0 = Release|Any CPU
		{C744B80D-C990-4F07-A69B-B99D3ED8EA86}.Debug|Any CPU.ActiveCfg = Debug|Any CPU
		{C744B80D-C990-4F07-A69B-B99D3ED8EA86}.Debug|Any CPU.Build.0 = Debug|Any CPU
		{C744B80D-C990-4F07-A69B-B99D3ED8EA86}.Release|Any CPU.ActiveCfg = Release|Any CPU
		{C744B80D-C990-4F07-A69B-B99D3ED8EA86}.Release|Any CPU.Build.0 = Release|Any CPU
		{BB02C938-1675-4009-BB21-E1F6111E523C}.Debug|Any CPU.ActiveCfg = Debug|Any CPU
		{BB02C938-1675-4009-BB21-E1F6111E523C}.Debug|Any CPU.Build.0 = Debug|Any CPU
		{BB02C938-1675-4009-BB21-E1F6111E523C}.Release|Any CPU.ActiveCfg = Release|Any CPU
		{BB02C938-1675-4009-BB21-E1F6111E523C}.Release|Any CPU.Build.0 = Release|Any CPU
		{2DC1A1BE-A99E-4CEB-9BF9-3022DE51EFD1}.Debug|Any CPU.ActiveCfg = Debug|Any CPU
		{2DC1A1BE-A99E-4CEB-9BF9-3022DE51EFD1}.Debug|Any CPU.Build.0 = Debug|Any CPU
		{2DC1A1BE-A99E-4CEB-9BF9-3022DE51EFD1}.Release|Any CPU.ActiveCfg = Release|Any CPU
		{2DC1A1BE-A99E-4CEB-9BF9-3022DE51EFD1}.Release|Any CPU.Build.0 = Release|Any CPU
	EndGlobalSection
	GlobalSection(SolutionProperties) = preSolution
		HideSolutionNode = FALSE
	EndGlobalSection
	GlobalSection(ExtensibilityGlobals) = postSolution
		SolutionGuid = {5C7CFBEF-C346-4C95-B33B-C142416DE626}
	EndGlobalSection
EndGlobal
